
Microsoft Visual Studio Solution File, Format Version 12.00
# Visual Studio Version 16
VisualStudioVersion = 16.6.30114.105
MinimumVisualStudioVersion = 10.0.40219.1
Project("{FAE04EC0-301F-11D3-BF4B-00C04F79EFBC}") = "ConsoleApp", "ConsoleApp\ConsoleApp.csproj", "{68671C94-7093-4DAF-A6A5-ACD4826AC101}"
EndProject
Project("{FAE04EC0-301F-11D3-BF4B-00C04F79EFBC}") = "Abstracao", "Abstracao\Abstracao.csproj", "{1B317284-9942-4844-92AE-61E8F21F308E}"
EndProject
Project("{FAE04EC0-301F-11D3-BF4B-00C04F79EFBC}") = "PooModelos", "PooModelos\PooModelos.csproj", "{A68245AE-CE11-4185-A5D8-88A084476424}"
EndProject
Project("{FAE04EC0-301F-11D3-BF4B-00C04F79EFBC}") = "ExercicioPoo", "ExercicioPoo\ExercicioPoo.csproj", "{5F2AE158-12D7-468B-9A3F-2EE12B3B9BDA}"
EndProject
Project("{FAE04EC0-301F-11D3-BF4B-00C04F79EFBC}") = "TestesXUnit", "TestesXUnit\TestesXUnit.csproj", "{BDBB9DEA-1E79-4B00-A83D-07F7657DDB1D}"
EndProject
Project("{FAE04EC0-301F-11D3-BF4B-00C04F79EFBC}") = "ExerciciosConsole", "ExerciciosConsole\ExerciciosConsole.csproj", "{933406BF-53DA-4613-AAA1-7A8FDDE5196A}"
EndProject
Global
	GlobalSection(SolutionConfigurationPlatforms) = preSolution
		Debug|Any CPU = Debug|Any CPU
		Debug|x64 = Debug|x64
		Debug|x86 = Debug|x86
		Release|Any CPU = Release|Any CPU
		Release|x64 = Release|x64
		Release|x86 = Release|x86
	EndGlobalSection
	GlobalSection(SolutionProperties) = preSolution
		HideSolutionNode = FALSE
	EndGlobalSection
	GlobalSection(ProjectConfigurationPlatforms) = postSolution
		{68671C94-7093-4DAF-A6A5-ACD4826AC101}.Debug|Any CPU.ActiveCfg = Debug|Any CPU
		{68671C94-7093-4DAF-A6A5-ACD4826AC101}.Debug|Any CPU.Build.0 = Debug|Any CPU
		{68671C94-7093-4DAF-A6A5-ACD4826AC101}.Debug|x64.ActiveCfg = Debug|Any CPU
		{68671C94-7093-4DAF-A6A5-ACD4826AC101}.Debug|x64.Build.0 = Debug|Any CPU
		{68671C94-7093-4DAF-A6A5-ACD4826AC101}.Debug|x86.ActiveCfg = Debug|Any CPU
		{68671C94-7093-4DAF-A6A5-ACD4826AC101}.Debug|x86.Build.0 = Debug|Any CPU
		{68671C94-7093-4DAF-A6A5-ACD4826AC101}.Release|Any CPU.ActiveCfg = Release|Any CPU
		{68671C94-7093-4DAF-A6A5-ACD4826AC101}.Release|Any CPU.Build.0 = Release|Any CPU
		{68671C94-7093-4DAF-A6A5-ACD4826AC101}.Release|x64.ActiveCfg = Release|Any CPU
		{68671C94-7093-4DAF-A6A5-ACD4826AC101}.Release|x64.Build.0 = Release|Any CPU
		{68671C94-7093-4DAF-A6A5-ACD4826AC101}.Release|x86.ActiveCfg = Release|Any CPU
		{68671C94-7093-4DAF-A6A5-ACD4826AC101}.Release|x86.Build.0 = Release|Any CPU
		{1B317284-9942-4844-92AE-61E8F21F308E}.Debug|Any CPU.ActiveCfg = Debug|Any CPU
		{1B317284-9942-4844-92AE-61E8F21F308E}.Debug|Any CPU.Build.0 = Debug|Any CPU
		{1B317284-9942-4844-92AE-61E8F21F308E}.Debug|x64.ActiveCfg = Debug|Any CPU
		{1B317284-9942-4844-92AE-61E8F21F308E}.Debug|x64.Build.0 = Debug|Any CPU
		{1B317284-9942-4844-92AE-61E8F21F308E}.Debug|x86.ActiveCfg = Debug|Any CPU
		{1B317284-9942-4844-92AE-61E8F21F308E}.Debug|x86.Build.0 = Debug|Any CPU
		{1B317284-9942-4844-92AE-61E8F21F308E}.Release|Any CPU.ActiveCfg = Release|Any CPU
		{1B317284-9942-4844-92AE-61E8F21F308E}.Release|Any CPU.Build.0 = Release|Any CPU
		{1B317284-9942-4844-92AE-61E8F21F308E}.Release|x64.ActiveCfg = Release|Any CPU
		{1B317284-9942-4844-92AE-61E8F21F308E}.Release|x64.Build.0 = Release|Any CPU
		{1B317284-9942-4844-92AE-61E8F21F308E}.Release|x86.ActiveCfg = Release|Any CPU
		{1B317284-9942-4844-92AE-61E8F21F308E}.Release|x86.Build.0 = Release|Any CPU
		{A68245AE-CE11-4185-A5D8-88A084476424}.Debug|Any CPU.ActiveCfg = Debug|Any CPU
		{A68245AE-CE11-4185-A5D8-88A084476424}.Debug|Any CPU.Build.0 = Debug|Any CPU
		{A68245AE-CE11-4185-A5D8-88A084476424}.Debug|x64.ActiveCfg = Debug|Any CPU
		{A68245AE-CE11-4185-A5D8-88A084476424}.Debug|x64.Build.0 = Debug|Any CPU
		{A68245AE-CE11-4185-A5D8-88A084476424}.Debug|x86.ActiveCfg = Debug|Any CPU
		{A68245AE-CE11-4185-A5D8-88A084476424}.Debug|x86.Build.0 = Debug|Any CPU
		{A68245AE-CE11-4185-A5D8-88A084476424}.Release|Any CPU.ActiveCfg = Release|Any CPU
		{A68245AE-CE11-4185-A5D8-88A084476424}.Release|Any CPU.Build.0 = Release|Any CPU
		{A68245AE-CE11-4185-A5D8-88A084476424}.Release|x64.ActiveCfg = Release|Any CPU
		{A68245AE-CE11-4185-A5D8-88A084476424}.Release|x64.Build.0 = Release|Any CPU
		{A68245AE-CE11-4185-A5D8-88A084476424}.Release|x86.ActiveCfg = Release|Any CPU
		{A68245AE-CE11-4185-A5D8-88A084476424}.Release|x86.Build.0 = Release|Any CPU
		{5F2AE158-12D7-468B-9A3F-2EE12B3B9BDA}.Debug|Any CPU.ActiveCfg = Debug|Any CPU
		{5F2AE158-12D7-468B-9A3F-2EE12B3B9BDA}.Debug|Any CPU.Build.0 = Debug|Any CPU
		{5F2AE158-12D7-468B-9A3F-2EE12B3B9BDA}.Debug|x64.ActiveCfg = Debug|Any CPU
		{5F2AE158-12D7-468B-9A3F-2EE12B3B9BDA}.Debug|x64.Build.0 = Debug|Any CPU
		{5F2AE158-12D7-468B-9A3F-2EE12B3B9BDA}.Debug|x86.ActiveCfg = Debug|Any CPU
		{5F2AE158-12D7-468B-9A3F-2EE12B3B9BDA}.Debug|x86.Build.0 = Debug|Any CPU
		{5F2AE158-12D7-468B-9A3F-2EE12B3B9BDA}.Release|Any CPU.ActiveCfg = Release|Any CPU
		{5F2AE158-12D7-468B-9A3F-2EE12B3B9BDA}.Release|Any CPU.Build.0 = Release|Any CPU
		{5F2AE158-12D7-468B-9A3F-2EE12B3B9BDA}.Release|x64.ActiveCfg = Release|Any CPU
		{5F2AE158-12D7-468B-9A3F-2EE12B3B9BDA}.Release|x64.Build.0 = Release|Any CPU
		{5F2AE158-12D7-468B-9A3F-2EE12B3B9BDA}.Release|x86.ActiveCfg = Release|Any CPU
		{5F2AE158-12D7-468B-9A3F-2EE12B3B9BDA}.Release|x86.Build.0 = Release|Any CPU
		{BDBB9DEA-1E79-4B00-A83D-07F7657DDB1D}.Debug|Any CPU.ActiveCfg = Debug|Any CPU
		{BDBB9DEA-1E79-4B00-A83D-07F7657DDB1D}.Debug|Any CPU.Build.0 = Debug|Any CPU
		{BDBB9DEA-1E79-4B00-A83D-07F7657DDB1D}.Debug|x64.ActiveCfg = Debug|Any CPU
		{BDBB9DEA-1E79-4B00-A83D-07F7657DDB1D}.Debug|x64.Build.0 = Debug|Any CPU
		{BDBB9DEA-1E79-4B00-A83D-07F7657DDB1D}.Debug|x86.ActiveCfg = Debug|Any CPU
		{BDBB9DEA-1E79-4B00-A83D-07F7657DDB1D}.Debug|x86.Build.0 = Debug|Any CPU
		{BDBB9DEA-1E79-4B00-A83D-07F7657DDB1D}.Release|Any CPU.ActiveCfg = Release|Any CPU
		{BDBB9DEA-1E79-4B00-A83D-07F7657DDB1D}.Release|Any CPU.Build.0 = Release|Any CPU
		{BDBB9DEA-1E79-4B00-A83D-07F7657DDB1D}.Release|x64.ActiveCfg = Release|Any CPU
		{BDBB9DEA-1E79-4B00-A83D-07F7657DDB1D}.Release|x64.Build.0 = Release|Any CPU
		{BDBB9DEA-1E79-4B00-A83D-07F7657DDB1D}.Release|x86.ActiveCfg = Release|Any CPU
		{BDBB9DEA-1E79-4B00-A83D-07F7657DDB1D}.Release|x86.Build.0 = Release|Any CPU
		{933406BF-53DA-4613-AAA1-7A8FDDE5196A}.Debug|Any CPU.ActiveCfg = Debug|Any CPU
		{933406BF-53DA-4613-AAA1-7A8FDDE5196A}.Debug|Any CPU.Build.0 = Debug|Any CPU
		{933406BF-53DA-4613-AAA1-7A8FDDE5196A}.Debug|x64.ActiveCfg = Debug|Any CPU
		{933406BF-53DA-4613-AAA1-7A8FDDE5196A}.Debug|x64.Build.0 = Debug|Any CPU
		{933406BF-53DA-4613-AAA1-7A8FDDE5196A}.Debug|x86.ActiveCfg = Debug|Any CPU
		{933406BF-53DA-4613-AAA1-7A8FDDE5196A}.Debug|x86.Build.0 = Debug|Any CPU
		{933406BF-53DA-4613-AAA1-7A8FDDE5196A}.Release|Any CPU.ActiveCfg = Release|Any CPU
		{933406BF-53DA-4613-AAA1-7A8FDDE5196A}.Release|Any CPU.Build.0 = Release|Any CPU
		{933406BF-53DA-4613-AAA1-7A8FDDE5196A}.Release|x64.ActiveCfg = Release|Any CPU
		{933406BF-53DA-4613-AAA1-7A8FDDE5196A}.Release|x64.Build.0 = Release|Any CPU
		{933406BF-53DA-4613-AAA1-7A8FDDE5196A}.Release|x86.ActiveCfg = Release|Any CPU
		{933406BF-53DA-4613-AAA1-7A8FDDE5196A}.Release|x86.Build.0 = Release|Any CPU
	EndGlobalSection
EndGlobal
