
Microsoft Visual Studio Solution File, Format Version 12.00
# Visual Studio Version 16
VisualStudioVersion = 16.6.30114.105
MinimumVisualStudioVersion = 10.0.40219.1
Project("{FAE04EC0-301F-11D3-BF4B-00C04F79EFBC}") = "ConsoleApp", "ConsoleApp\ConsoleApp.csproj", "{68671C94-7093-4DAF-A6A5-ACD4826AC101}"
EndProject
Project("{FAE04EC0-301F-11D3-BF4B-00C04F79EFBC}") = "Exercicio1", "Exercicio1\Exercicio1.csproj", "{751E454F-72CA-4571-BFB8-C3643F879E1A}"
EndProject
Project("{FAE04EC0-301F-11D3-BF4B-00C04F79EFBC}") = "Exercicio2", "Exercicio2\Exercicio2.csproj", "{9C85A5BF-9C2E-4890-B289-3BB8120CB246}"
EndProject
Project("{FAE04EC0-301F-11D3-BF4B-00C04F79EFBC}") = "Abstracao", "Abstracao\Abstracao.csproj", "{1B317284-9942-4844-92AE-61E8F21F308E}"
EndProject
Project("{FAE04EC0-301F-11D3-BF4B-00C04F79EFBC}") = "Exercicio3", "Exercicio3\Exercicio3.csproj", "{376C8AB0-EFF2-45DE-945B-09ACC62E1FDC}"
EndProject
Project("{FAE04EC0-301F-11D3-BF4B-00C04F79EFBC}") = "Exercicio4", "Exercicio4\Exercicio4.csproj", "{722B8AF6-DD4B-4B5C-A0E9-1D7623984547}"
EndProject
Project("{FAE04EC0-301F-11D3-BF4B-00C04F79EFBC}") = "Exercicio5", "Exercicio5\Exercicio5.csproj", "{88AB2835-0357-45AF-8158-CBF1E3E6E7D6}"
EndProject
Project("{FAE04EC0-301F-11D3-BF4B-00C04F79EFBC}") = "Exercicio6", "Exercicio6\Exercicio6.csproj", "{E2CB60EE-988E-4BC9-88A1-99CF98BF889B}"
EndProject
Project("{FAE04EC0-301F-11D3-BF4B-00C04F79EFBC}") = "Exercicio7", "Exercicio7\Exercicio7.csproj", "{54200A69-F6BE-4D57-9E4B-1812697AAD79}"
EndProject
Project("{FAE04EC0-301F-11D3-BF4B-00C04F79EFBC}") = "Exercicio8", "Exercicio8\Exercicio8.csproj", "{9C1B943F-7D97-4CF6-8E23-2E3A77715296}"
EndProject
Project("{FAE04EC0-301F-11D3-BF4B-00C04F79EFBC}") = "Exercicio9", "Exercicio9\Exercicio9.csproj", "{F9CDC9D6-8287-435C-A452-F8B5E9FB6C80}"
EndProject
Project("{FAE04EC0-301F-11D3-BF4B-00C04F79EFBC}") = "PooModelos", "PooModelos\PooModelos.csproj", "{A68245AE-CE11-4185-A5D8-88A084476424}"
EndProject
Project("{FAE04EC0-301F-11D3-BF4B-00C04F79EFBC}") = "ExercicioPoo", "ExercicioPoo\ExercicioPoo.csproj", "{5F2AE158-12D7-468B-9A3F-2EE12B3B9BDA}"
EndProject
Global
	GlobalSection(SolutionConfigurationPlatforms) = preSolution
		Debug|Any CPU = Debug|Any CPU
		Debug|x64 = Debug|x64
		Debug|x86 = Debug|x86
		Release|Any CPU = Release|Any CPU
		Release|x64 = Release|x64
		Release|x86 = Release|x86
	EndGlobalSection
	GlobalSection(SolutionProperties) = preSolution
		HideSolutionNode = FALSE
	EndGlobalSection
	GlobalSection(ProjectConfigurationPlatforms) = postSolution
		{68671C94-7093-4DAF-A6A5-ACD4826AC101}.Debug|Any CPU.ActiveCfg = Debug|Any CPU
		{68671C94-7093-4DAF-A6A5-ACD4826AC101}.Debug|Any CPU.Build.0 = Debug|Any CPU
		{68671C94-7093-4DAF-A6A5-ACD4826AC101}.Debug|x64.ActiveCfg = Debug|Any CPU
		{68671C94-7093-4DAF-A6A5-ACD4826AC101}.Debug|x64.Build.0 = Debug|Any CPU
		{68671C94-7093-4DAF-A6A5-ACD4826AC101}.Debug|x86.ActiveCfg = Debug|Any CPU
		{68671C94-7093-4DAF-A6A5-ACD4826AC101}.Debug|x86.Build.0 = Debug|Any CPU
		{68671C94-7093-4DAF-A6A5-ACD4826AC101}.Release|Any CPU.ActiveCfg = Release|Any CPU
		{68671C94-7093-4DAF-A6A5-ACD4826AC101}.Release|Any CPU.Build.0 = Release|Any CPU
		{68671C94-7093-4DAF-A6A5-ACD4826AC101}.Release|x64.ActiveCfg = Release|Any CPU
		{68671C94-7093-4DAF-A6A5-ACD4826AC101}.Release|x64.Build.0 = Release|Any CPU
		{68671C94-7093-4DAF-A6A5-ACD4826AC101}.Release|x86.ActiveCfg = Release|Any CPU
		{68671C94-7093-4DAF-A6A5-ACD4826AC101}.Release|x86.Build.0 = Release|Any CPU
		{751E454F-72CA-4571-BFB8-C3643F879E1A}.Debug|Any CPU.ActiveCfg = Debug|Any CPU
		{751E454F-72CA-4571-BFB8-C3643F879E1A}.Debug|Any CPU.Build.0 = Debug|Any CPU
		{751E454F-72CA-4571-BFB8-C3643F879E1A}.Debug|x64.ActiveCfg = Debug|Any CPU
		{751E454F-72CA-4571-BFB8-C3643F879E1A}.Debug|x64.Build.0 = Debug|Any CPU
		{751E454F-72CA-4571-BFB8-C3643F879E1A}.Debug|x86.ActiveCfg = Debug|Any CPU
		{751E454F-72CA-4571-BFB8-C3643F879E1A}.Debug|x86.Build.0 = Debug|Any CPU
		{751E454F-72CA-4571-BFB8-C3643F879E1A}.Release|Any CPU.ActiveCfg = Release|Any CPU
		{751E454F-72CA-4571-BFB8-C3643F879E1A}.Release|Any CPU.Build.0 = Release|Any CPU
		{751E454F-72CA-4571-BFB8-C3643F879E1A}.Release|x64.ActiveCfg = Release|Any CPU
		{751E454F-72CA-4571-BFB8-C3643F879E1A}.Release|x64.Build.0 = Release|Any CPU
		{751E454F-72CA-4571-BFB8-C3643F879E1A}.Release|x86.ActiveCfg = Release|Any CPU
		{751E454F-72CA-4571-BFB8-C3643F879E1A}.Release|x86.Build.0 = Release|Any CPU
		{9C85A5BF-9C2E-4890-B289-3BB8120CB246}.Debug|Any CPU.ActiveCfg = Debug|Any CPU
		{9C85A5BF-9C2E-4890-B289-3BB8120CB246}.Debug|Any CPU.Build.0 = Debug|Any CPU
		{9C85A5BF-9C2E-4890-B289-3BB8120CB246}.Debug|x64.ActiveCfg = Debug|Any CPU
		{9C85A5BF-9C2E-4890-B289-3BB8120CB246}.Debug|x64.Build.0 = Debug|Any CPU
		{9C85A5BF-9C2E-4890-B289-3BB8120CB246}.Debug|x86.ActiveCfg = Debug|Any CPU
		{9C85A5BF-9C2E-4890-B289-3BB8120CB246}.Debug|x86.Build.0 = Debug|Any CPU
		{9C85A5BF-9C2E-4890-B289-3BB8120CB246}.Release|Any CPU.ActiveCfg = Release|Any CPU
		{9C85A5BF-9C2E-4890-B289-3BB8120CB246}.Release|Any CPU.Build.0 = Release|Any CPU
		{9C85A5BF-9C2E-4890-B289-3BB8120CB246}.Release|x64.ActiveCfg = Release|Any CPU
		{9C85A5BF-9C2E-4890-B289-3BB8120CB246}.Release|x64.Build.0 = Release|Any CPU
		{9C85A5BF-9C2E-4890-B289-3BB8120CB246}.Release|x86.ActiveCfg = Release|Any CPU
		{9C85A5BF-9C2E-4890-B289-3BB8120CB246}.Release|x86.Build.0 = Release|Any CPU
		{1B317284-9942-4844-92AE-61E8F21F308E}.Debug|Any CPU.ActiveCfg = Debug|Any CPU
		{1B317284-9942-4844-92AE-61E8F21F308E}.Debug|Any CPU.Build.0 = Debug|Any CPU
		{1B317284-9942-4844-92AE-61E8F21F308E}.Debug|x64.ActiveCfg = Debug|Any CPU
		{1B317284-9942-4844-92AE-61E8F21F308E}.Debug|x64.Build.0 = Debug|Any CPU
		{1B317284-9942-4844-92AE-61E8F21F308E}.Debug|x86.ActiveCfg = Debug|Any CPU
		{1B317284-9942-4844-92AE-61E8F21F308E}.Debug|x86.Build.0 = Debug|Any CPU
		{1B317284-9942-4844-92AE-61E8F21F308E}.Release|Any CPU.ActiveCfg = Release|Any CPU
		{1B317284-9942-4844-92AE-61E8F21F308E}.Release|Any CPU.Build.0 = Release|Any CPU
		{1B317284-9942-4844-92AE-61E8F21F308E}.Release|x64.ActiveCfg = Release|Any CPU
		{1B317284-9942-4844-92AE-61E8F21F308E}.Release|x64.Build.0 = Release|Any CPU
		{1B317284-9942-4844-92AE-61E8F21F308E}.Release|x86.ActiveCfg = Release|Any CPU
		{1B317284-9942-4844-92AE-61E8F21F308E}.Release|x86.Build.0 = Release|Any CPU
		{376C8AB0-EFF2-45DE-945B-09ACC62E1FDC}.Debug|Any CPU.ActiveCfg = Debug|Any CPU
		{376C8AB0-EFF2-45DE-945B-09ACC62E1FDC}.Debug|Any CPU.Build.0 = Debug|Any CPU
		{376C8AB0-EFF2-45DE-945B-09ACC62E1FDC}.Debug|x64.ActiveCfg = Debug|Any CPU
		{376C8AB0-EFF2-45DE-945B-09ACC62E1FDC}.Debug|x64.Build.0 = Debug|Any CPU
		{376C8AB0-EFF2-45DE-945B-09ACC62E1FDC}.Debug|x86.ActiveCfg = Debug|Any CPU
		{376C8AB0-EFF2-45DE-945B-09ACC62E1FDC}.Debug|x86.Build.0 = Debug|Any CPU
		{376C8AB0-EFF2-45DE-945B-09ACC62E1FDC}.Release|Any CPU.ActiveCfg = Release|Any CPU
		{376C8AB0-EFF2-45DE-945B-09ACC62E1FDC}.Release|Any CPU.Build.0 = Release|Any CPU
		{376C8AB0-EFF2-45DE-945B-09ACC62E1FDC}.Release|x64.ActiveCfg = Release|Any CPU
		{376C8AB0-EFF2-45DE-945B-09ACC62E1FDC}.Release|x64.Build.0 = Release|Any CPU
		{376C8AB0-EFF2-45DE-945B-09ACC62E1FDC}.Release|x86.ActiveCfg = Release|Any CPU
		{376C8AB0-EFF2-45DE-945B-09ACC62E1FDC}.Release|x86.Build.0 = Release|Any CPU
		{722B8AF6-DD4B-4B5C-A0E9-1D7623984547}.Debug|Any CPU.ActiveCfg = Debug|Any CPU
		{722B8AF6-DD4B-4B5C-A0E9-1D7623984547}.Debug|Any CPU.Build.0 = Debug|Any CPU
		{722B8AF6-DD4B-4B5C-A0E9-1D7623984547}.Debug|x64.ActiveCfg = Debug|Any CPU
		{722B8AF6-DD4B-4B5C-A0E9-1D7623984547}.Debug|x64.Build.0 = Debug|Any CPU
		{722B8AF6-DD4B-4B5C-A0E9-1D7623984547}.Debug|x86.ActiveCfg = Debug|Any CPU
		{722B8AF6-DD4B-4B5C-A0E9-1D7623984547}.Debug|x86.Build.0 = Debug|Any CPU
		{722B8AF6-DD4B-4B5C-A0E9-1D7623984547}.Release|Any CPU.ActiveCfg = Release|Any CPU
		{722B8AF6-DD4B-4B5C-A0E9-1D7623984547}.Release|Any CPU.Build.0 = Release|Any CPU
		{722B8AF6-DD4B-4B5C-A0E9-1D7623984547}.Release|x64.ActiveCfg = Release|Any CPU
		{722B8AF6-DD4B-4B5C-A0E9-1D7623984547}.Release|x64.Build.0 = Release|Any CPU
		{722B8AF6-DD4B-4B5C-A0E9-1D7623984547}.Release|x86.ActiveCfg = Release|Any CPU
		{722B8AF6-DD4B-4B5C-A0E9-1D7623984547}.Release|x86.Build.0 = Release|Any CPU
		{88AB2835-0357-45AF-8158-CBF1E3E6E7D6}.Debug|Any CPU.ActiveCfg = Debug|Any CPU
		{88AB2835-0357-45AF-8158-CBF1E3E6E7D6}.Debug|Any CPU.Build.0 = Debug|Any CPU
		{88AB2835-0357-45AF-8158-CBF1E3E6E7D6}.Debug|x64.ActiveCfg = Debug|Any CPU
		{88AB2835-0357-45AF-8158-CBF1E3E6E7D6}.Debug|x64.Build.0 = Debug|Any CPU
		{88AB2835-0357-45AF-8158-CBF1E3E6E7D6}.Debug|x86.ActiveCfg = Debug|Any CPU
		{88AB2835-0357-45AF-8158-CBF1E3E6E7D6}.Debug|x86.Build.0 = Debug|Any CPU
		{88AB2835-0357-45AF-8158-CBF1E3E6E7D6}.Release|Any CPU.ActiveCfg = Release|Any CPU
		{88AB2835-0357-45AF-8158-CBF1E3E6E7D6}.Release|Any CPU.Build.0 = Release|Any CPU
		{88AB2835-0357-45AF-8158-CBF1E3E6E7D6}.Release|x64.ActiveCfg = Release|Any CPU
		{88AB2835-0357-45AF-8158-CBF1E3E6E7D6}.Release|x64.Build.0 = Release|Any CPU
		{88AB2835-0357-45AF-8158-CBF1E3E6E7D6}.Release|x86.ActiveCfg = Release|Any CPU
		{88AB2835-0357-45AF-8158-CBF1E3E6E7D6}.Release|x86.Build.0 = Release|Any CPU
		{E2CB60EE-988E-4BC9-88A1-99CF98BF889B}.Debug|Any CPU.ActiveCfg = Debug|Any CPU
		{E2CB60EE-988E-4BC9-88A1-99CF98BF889B}.Debug|Any CPU.Build.0 = Debug|Any CPU
		{E2CB60EE-988E-4BC9-88A1-99CF98BF889B}.Debug|x64.ActiveCfg = Debug|Any CPU
		{E2CB60EE-988E-4BC9-88A1-99CF98BF889B}.Debug|x64.Build.0 = Debug|Any CPU
		{E2CB60EE-988E-4BC9-88A1-99CF98BF889B}.Debug|x86.ActiveCfg = Debug|Any CPU
		{E2CB60EE-988E-4BC9-88A1-99CF98BF889B}.Debug|x86.Build.0 = Debug|Any CPU
		{E2CB60EE-988E-4BC9-88A1-99CF98BF889B}.Release|Any CPU.ActiveCfg = Release|Any CPU
		{E2CB60EE-988E-4BC9-88A1-99CF98BF889B}.Release|Any CPU.Build.0 = Release|Any CPU
		{E2CB60EE-988E-4BC9-88A1-99CF98BF889B}.Release|x64.ActiveCfg = Release|Any CPU
		{E2CB60EE-988E-4BC9-88A1-99CF98BF889B}.Release|x64.Build.0 = Release|Any CPU
		{E2CB60EE-988E-4BC9-88A1-99CF98BF889B}.Release|x86.ActiveCfg = Release|Any CPU
		{E2CB60EE-988E-4BC9-88A1-99CF98BF889B}.Release|x86.Build.0 = Release|Any CPU
		{54200A69-F6BE-4D57-9E4B-1812697AAD79}.Debug|Any CPU.ActiveCfg = Debug|Any CPU
		{54200A69-F6BE-4D57-9E4B-1812697AAD79}.Debug|Any CPU.Build.0 = Debug|Any CPU
		{54200A69-F6BE-4D57-9E4B-1812697AAD79}.Debug|x64.ActiveCfg = Debug|Any CPU
		{54200A69-F6BE-4D57-9E4B-1812697AAD79}.Debug|x64.Build.0 = Debug|Any CPU
		{54200A69-F6BE-4D57-9E4B-1812697AAD79}.Debug|x86.ActiveCfg = Debug|Any CPU
		{54200A69-F6BE-4D57-9E4B-1812697AAD79}.Debug|x86.Build.0 = Debug|Any CPU
		{54200A69-F6BE-4D57-9E4B-1812697AAD79}.Release|Any CPU.ActiveCfg = Release|Any CPU
		{54200A69-F6BE-4D57-9E4B-1812697AAD79}.Release|Any CPU.Build.0 = Release|Any CPU
		{54200A69-F6BE-4D57-9E4B-1812697AAD79}.Release|x64.ActiveCfg = Release|Any CPU
		{54200A69-F6BE-4D57-9E4B-1812697AAD79}.Release|x64.Build.0 = Release|Any CPU
		{54200A69-F6BE-4D57-9E4B-1812697AAD79}.Release|x86.ActiveCfg = Release|Any CPU
		{54200A69-F6BE-4D57-9E4B-1812697AAD79}.Release|x86.Build.0 = Release|Any CPU
		{9C1B943F-7D97-4CF6-8E23-2E3A77715296}.Debug|Any CPU.ActiveCfg = Debug|Any CPU
		{9C1B943F-7D97-4CF6-8E23-2E3A77715296}.Debug|Any CPU.Build.0 = Debug|Any CPU
		{9C1B943F-7D97-4CF6-8E23-2E3A77715296}.Debug|x64.ActiveCfg = Debug|Any CPU
		{9C1B943F-7D97-4CF6-8E23-2E3A77715296}.Debug|x64.Build.0 = Debug|Any CPU
		{9C1B943F-7D97-4CF6-8E23-2E3A77715296}.Debug|x86.ActiveCfg = Debug|Any CPU
		{9C1B943F-7D97-4CF6-8E23-2E3A77715296}.Debug|x86.Build.0 = Debug|Any CPU
		{9C1B943F-7D97-4CF6-8E23-2E3A77715296}.Release|Any CPU.ActiveCfg = Release|Any CPU
		{9C1B943F-7D97-4CF6-8E23-2E3A77715296}.Release|Any CPU.Build.0 = Release|Any CPU
		{9C1B943F-7D97-4CF6-8E23-2E3A77715296}.Release|x64.ActiveCfg = Release|Any CPU
		{9C1B943F-7D97-4CF6-8E23-2E3A77715296}.Release|x64.Build.0 = Release|Any CPU
		{9C1B943F-7D97-4CF6-8E23-2E3A77715296}.Release|x86.ActiveCfg = Release|Any CPU
		{9C1B943F-7D97-4CF6-8E23-2E3A77715296}.Release|x86.Build.0 = Release|Any CPU
		{F9CDC9D6-8287-435C-A452-F8B5E9FB6C80}.Debug|Any CPU.ActiveCfg = Debug|Any CPU
		{F9CDC9D6-8287-435C-A452-F8B5E9FB6C80}.Debug|Any CPU.Build.0 = Debug|Any CPU
		{F9CDC9D6-8287-435C-A452-F8B5E9FB6C80}.Debug|x64.ActiveCfg = Debug|Any CPU
		{F9CDC9D6-8287-435C-A452-F8B5E9FB6C80}.Debug|x64.Build.0 = Debug|Any CPU
		{F9CDC9D6-8287-435C-A452-F8B5E9FB6C80}.Debug|x86.ActiveCfg = Debug|Any CPU
		{F9CDC9D6-8287-435C-A452-F8B5E9FB6C80}.Debug|x86.Build.0 = Debug|Any CPU
		{F9CDC9D6-8287-435C-A452-F8B5E9FB6C80}.Release|Any CPU.ActiveCfg = Release|Any CPU
		{F9CDC9D6-8287-435C-A452-F8B5E9FB6C80}.Release|Any CPU.Build.0 = Release|Any CPU
		{F9CDC9D6-8287-435C-A452-F8B5E9FB6C80}.Release|x64.ActiveCfg = Release|Any CPU
		{F9CDC9D6-8287-435C-A452-F8B5E9FB6C80}.Release|x64.Build.0 = Release|Any CPU
		{F9CDC9D6-8287-435C-A452-F8B5E9FB6C80}.Release|x86.ActiveCfg = Release|Any CPU
		{F9CDC9D6-8287-435C-A452-F8B5E9FB6C80}.Release|x86.Build.0 = Release|Any CPU
		{A68245AE-CE11-4185-A5D8-88A084476424}.Debug|Any CPU.ActiveCfg = Debug|Any CPU
		{A68245AE-CE11-4185-A5D8-88A084476424}.Debug|Any CPU.Build.0 = Debug|Any CPU
		{A68245AE-CE11-4185-A5D8-88A084476424}.Debug|x64.ActiveCfg = Debug|Any CPU
		{A68245AE-CE11-4185-A5D8-88A084476424}.Debug|x64.Build.0 = Debug|Any CPU
		{A68245AE-CE11-4185-A5D8-88A084476424}.Debug|x86.ActiveCfg = Debug|Any CPU
		{A68245AE-CE11-4185-A5D8-88A084476424}.Debug|x86.Build.0 = Debug|Any CPU
		{A68245AE-CE11-4185-A5D8-88A084476424}.Release|Any CPU.ActiveCfg = Release|Any CPU
		{A68245AE-CE11-4185-A5D8-88A084476424}.Release|Any CPU.Build.0 = Release|Any CPU
		{A68245AE-CE11-4185-A5D8-88A084476424}.Release|x64.ActiveCfg = Release|Any CPU
		{A68245AE-CE11-4185-A5D8-88A084476424}.Release|x64.Build.0 = Release|Any CPU
		{A68245AE-CE11-4185-A5D8-88A084476424}.Release|x86.ActiveCfg = Release|Any CPU
		{A68245AE-CE11-4185-A5D8-88A084476424}.Release|x86.Build.0 = Release|Any CPU
		{5F2AE158-12D7-468B-9A3F-2EE12B3B9BDA}.Debug|Any CPU.ActiveCfg = Debug|Any CPU
		{5F2AE158-12D7-468B-9A3F-2EE12B3B9BDA}.Debug|Any CPU.Build.0 = Debug|Any CPU
		{5F2AE158-12D7-468B-9A3F-2EE12B3B9BDA}.Debug|x64.ActiveCfg = Debug|Any CPU
		{5F2AE158-12D7-468B-9A3F-2EE12B3B9BDA}.Debug|x64.Build.0 = Debug|Any CPU
		{5F2AE158-12D7-468B-9A3F-2EE12B3B9BDA}.Debug|x86.ActiveCfg = Debug|Any CPU
		{5F2AE158-12D7-468B-9A3F-2EE12B3B9BDA}.Debug|x86.Build.0 = Debug|Any CPU
		{5F2AE158-12D7-468B-9A3F-2EE12B3B9BDA}.Release|Any CPU.ActiveCfg = Release|Any CPU
		{5F2AE158-12D7-468B-9A3F-2EE12B3B9BDA}.Release|Any CPU.Build.0 = Release|Any CPU
		{5F2AE158-12D7-468B-9A3F-2EE12B3B9BDA}.Release|x64.ActiveCfg = Release|Any CPU
		{5F2AE158-12D7-468B-9A3F-2EE12B3B9BDA}.Release|x64.Build.0 = Release|Any CPU
		{5F2AE158-12D7-468B-9A3F-2EE12B3B9BDA}.Release|x86.ActiveCfg = Release|Any CPU
		{5F2AE158-12D7-468B-9A3F-2EE12B3B9BDA}.Release|x86.Build.0 = Release|Any CPU
	EndGlobalSection
EndGlobal
