
Microsoft Visual Studio Solution File, Format Version 12.00
# Visual Studio Version 16
VisualStudioVersion = 16.6.30114.105
MinimumVisualStudioVersion = 10.0.40219.1
Project("{FAE04EC0-301F-11D3-BF4B-00C04F79EFBC}") = "ConsoleApp", "ConsoleApp\ConsoleApp.csproj", "{68671C94-7093-4DAF-A6A5-ACD4826AC101}"
EndProject
Project("{FAE04EC0-301F-11D3-BF4B-00C04F79EFBC}") = "Exercicio1", "Exercicio1Exagerado\Exercicio1.csproj", "{751E454F-72CA-4571-BFB8-C3643F879E1A}"
EndProject
Project("{FAE04EC0-301F-11D3-BF4B-00C04F79EFBC}") = "Exercicio2", "Exercicio2\Exercicio2.csproj", "{9C85A5BF-9C2E-4890-B289-3BB8120CB246}"
EndProject
Project("{FAE04EC0-301F-11D3-BF4B-00C04F79EFBC}") = "Abstracao", "Abstracao\Abstracao.csproj", "{1B317284-9942-4844-92AE-61E8F21F308E}"
EndProject
Project("{FAE04EC0-301F-11D3-BF4B-00C04F79EFBC}") = "Exercicio3", "Exercicio3\Exercicio3.csproj", "{376C8AB0-EFF2-45DE-945B-09ACC62E1FDC}"
EndProject
Global
	GlobalSection(SolutionConfigurationPlatforms) = preSolution
		Debug|Any CPU = Debug|Any CPU
		Debug|x64 = Debug|x64
		Debug|x86 = Debug|x86
		Release|Any CPU = Release|Any CPU
		Release|x64 = Release|x64
		Release|x86 = Release|x86
	EndGlobalSection
	GlobalSection(SolutionProperties) = preSolution
		HideSolutionNode = FALSE
	EndGlobalSection
	GlobalSection(ProjectConfigurationPlatforms) = postSolution
		{68671C94-7093-4DAF-A6A5-ACD4826AC101}.Debug|Any CPU.ActiveCfg = Debug|Any CPU
		{68671C94-7093-4DAF-A6A5-ACD4826AC101}.Debug|Any CPU.Build.0 = Debug|Any CPU
		{68671C94-7093-4DAF-A6A5-ACD4826AC101}.Debug|x64.ActiveCfg = Debug|Any CPU
		{68671C94-7093-4DAF-A6A5-ACD4826AC101}.Debug|x64.Build.0 = Debug|Any CPU
		{68671C94-7093-4DAF-A6A5-ACD4826AC101}.Debug|x86.ActiveCfg = Debug|Any CPU
		{68671C94-7093-4DAF-A6A5-ACD4826AC101}.Debug|x86.Build.0 = Debug|Any CPU
		{68671C94-7093-4DAF-A6A5-ACD4826AC101}.Release|Any CPU.ActiveCfg = Release|Any CPU
		{68671C94-7093-4DAF-A6A5-ACD4826AC101}.Release|Any CPU.Build.0 = Release|Any CPU
		{68671C94-7093-4DAF-A6A5-ACD4826AC101}.Release|x64.ActiveCfg = Release|Any CPU
		{68671C94-7093-4DAF-A6A5-ACD4826AC101}.Release|x64.Build.0 = Release|Any CPU
		{68671C94-7093-4DAF-A6A5-ACD4826AC101}.Release|x86.ActiveCfg = Release|Any CPU
		{68671C94-7093-4DAF-A6A5-ACD4826AC101}.Release|x86.Build.0 = Release|Any CPU
		{751E454F-72CA-4571-BFB8-C3643F879E1A}.Debug|Any CPU.ActiveCfg = Debug|Any CPU
		{751E454F-72CA-4571-BFB8-C3643F879E1A}.Debug|Any CPU.Build.0 = Debug|Any CPU
		{751E454F-72CA-4571-BFB8-C3643F879E1A}.Debug|x64.ActiveCfg = Debug|Any CPU
		{751E454F-72CA-4571-BFB8-C3643F879E1A}.Debug|x64.Build.0 = Debug|Any CPU
		{751E454F-72CA-4571-BFB8-C3643F879E1A}.Debug|x86.ActiveCfg = Debug|Any CPU
		{751E454F-72CA-4571-BFB8-C3643F879E1A}.Debug|x86.Build.0 = Debug|Any CPU
		{751E454F-72CA-4571-BFB8-C3643F879E1A}.Release|Any CPU.ActiveCfg = Release|Any CPU
		{751E454F-72CA-4571-BFB8-C3643F879E1A}.Release|Any CPU.Build.0 = Release|Any CPU
		{751E454F-72CA-4571-BFB8-C3643F879E1A}.Release|x64.ActiveCfg = Release|Any CPU
		{751E454F-72CA-4571-BFB8-C3643F879E1A}.Release|x64.Build.0 = Release|Any CPU
		{751E454F-72CA-4571-BFB8-C3643F879E1A}.Release|x86.ActiveCfg = Release|Any CPU
		{751E454F-72CA-4571-BFB8-C3643F879E1A}.Release|x86.Build.0 = Release|Any CPU
		{9C85A5BF-9C2E-4890-B289-3BB8120CB246}.Debug|Any CPU.ActiveCfg = Debug|Any CPU
		{9C85A5BF-9C2E-4890-B289-3BB8120CB246}.Debug|Any CPU.Build.0 = Debug|Any CPU
		{9C85A5BF-9C2E-4890-B289-3BB8120CB246}.Debug|x64.ActiveCfg = Debug|Any CPU
		{9C85A5BF-9C2E-4890-B289-3BB8120CB246}.Debug|x64.Build.0 = Debug|Any CPU
		{9C85A5BF-9C2E-4890-B289-3BB8120CB246}.Debug|x86.ActiveCfg = Debug|Any CPU
		{9C85A5BF-9C2E-4890-B289-3BB8120CB246}.Debug|x86.Build.0 = Debug|Any CPU
		{9C85A5BF-9C2E-4890-B289-3BB8120CB246}.Release|Any CPU.ActiveCfg = Release|Any CPU
		{9C85A5BF-9C2E-4890-B289-3BB8120CB246}.Release|Any CPU.Build.0 = Release|Any CPU
		{9C85A5BF-9C2E-4890-B289-3BB8120CB246}.Release|x64.ActiveCfg = Release|Any CPU
		{9C85A5BF-9C2E-4890-B289-3BB8120CB246}.Release|x64.Build.0 = Release|Any CPU
		{9C85A5BF-9C2E-4890-B289-3BB8120CB246}.Release|x86.ActiveCfg = Release|Any CPU
		{9C85A5BF-9C2E-4890-B289-3BB8120CB246}.Release|x86.Build.0 = Release|Any CPU
		{1B317284-9942-4844-92AE-61E8F21F308E}.Debug|Any CPU.ActiveCfg = Debug|Any CPU
		{1B317284-9942-4844-92AE-61E8F21F308E}.Debug|Any CPU.Build.0 = Debug|Any CPU
		{1B317284-9942-4844-92AE-61E8F21F308E}.Debug|x64.ActiveCfg = Debug|Any CPU
		{1B317284-9942-4844-92AE-61E8F21F308E}.Debug|x64.Build.0 = Debug|Any CPU
		{1B317284-9942-4844-92AE-61E8F21F308E}.Debug|x86.ActiveCfg = Debug|Any CPU
		{1B317284-9942-4844-92AE-61E8F21F308E}.Debug|x86.Build.0 = Debug|Any CPU
		{1B317284-9942-4844-92AE-61E8F21F308E}.Release|Any CPU.ActiveCfg = Release|Any CPU
		{1B317284-9942-4844-92AE-61E8F21F308E}.Release|Any CPU.Build.0 = Release|Any CPU
		{1B317284-9942-4844-92AE-61E8F21F308E}.Release|x64.ActiveCfg = Release|Any CPU
		{1B317284-9942-4844-92AE-61E8F21F308E}.Release|x64.Build.0 = Release|Any CPU
		{1B317284-9942-4844-92AE-61E8F21F308E}.Release|x86.ActiveCfg = Release|Any CPU
		{1B317284-9942-4844-92AE-61E8F21F308E}.Release|x86.Build.0 = Release|Any CPU
		{376C8AB0-EFF2-45DE-945B-09ACC62E1FDC}.Debug|Any CPU.ActiveCfg = Debug|Any CPU
		{376C8AB0-EFF2-45DE-945B-09ACC62E1FDC}.Debug|Any CPU.Build.0 = Debug|Any CPU
		{376C8AB0-EFF2-45DE-945B-09ACC62E1FDC}.Debug|x64.ActiveCfg = Debug|Any CPU
		{376C8AB0-EFF2-45DE-945B-09ACC62E1FDC}.Debug|x64.Build.0 = Debug|Any CPU
		{376C8AB0-EFF2-45DE-945B-09ACC62E1FDC}.Debug|x86.ActiveCfg = Debug|Any CPU
		{376C8AB0-EFF2-45DE-945B-09ACC62E1FDC}.Debug|x86.Build.0 = Debug|Any CPU
		{376C8AB0-EFF2-45DE-945B-09ACC62E1FDC}.Release|Any CPU.ActiveCfg = Release|Any CPU
		{376C8AB0-EFF2-45DE-945B-09ACC62E1FDC}.Release|Any CPU.Build.0 = Release|Any CPU
		{376C8AB0-EFF2-45DE-945B-09ACC62E1FDC}.Release|x64.ActiveCfg = Release|Any CPU
		{376C8AB0-EFF2-45DE-945B-09ACC62E1FDC}.Release|x64.Build.0 = Release|Any CPU
		{376C8AB0-EFF2-45DE-945B-09ACC62E1FDC}.Release|x86.ActiveCfg = Release|Any CPU
		{376C8AB0-EFF2-45DE-945B-09ACC62E1FDC}.Release|x86.Build.0 = Release|Any CPU
	EndGlobalSection
EndGlobal
